
Microsoft Visual Studio Solution File, Format Version 12.00
# Visual Studio Version 17
VisualStudioVersion = 17.11.35327.3
MinimumVisualStudioVersion = 10.0.40219.1
Project("{9A19103F-16F7-4668-BE54-9A1E7A4F7556}") = "Helpdesk.API", "Helpdesk.API\Helpdesk.API.csproj", "{D8C17B99-C4EC-4427-99BB-D3E0373DCB42}"
EndProject
Global
	GlobalSection(SolutionConfigurationPlatforms) = preSolution
		Debug|Any CPU = Debug|Any CPU
		Release|Any CPU = Release|Any CPU
	EndGlobalSection
	GlobalSection(ProjectConfigurationPlatforms) = postSolution
		{D8C17B99-C4EC-4427-99BB-D3E0373DCB42}.Debug|Any CPU.ActiveCfg = Debug|Any CPU
		{D8C17B99-C4EC-4427-99BB-D3E0373DCB42}.Debug|Any CPU.Build.0 = Debug|Any CPU
		{D8C17B99-C4EC-4427-99BB-D3E0373DCB42}.Release|Any CPU.ActiveCfg = Release|Any CPU
		{D8C17B99-C4EC-4427-99BB-D3E0373DCB42}.Release|Any CPU.Build.0 = Release|Any CPU
	EndGlobalSection
	GlobalSection(SolutionProperties) = preSolution
		HideSolutionNode = FALSE
	EndGlobalSection
	GlobalSection(ExtensibilityGlobals) = postSolution
		SolutionGuid = {15D0118B-E985-4246-AC2B-6E93ACE1792D}
	EndGlobalSection
EndGlobal
